
Microsoft Visual Studio Solution File, Format Version 12.00
# Visual Studio Version 17
VisualStudioVersion = 17.11.35222.181
MinimumVisualStudioVersion = 10.0.40219.1
Project("{F184B08F-C81C-45F6-A57F-5ABD9991F28F}") = "larger_for_three", "larger_for_three\larger_for_three.vbproj", "{428634DF-6F04-4997-BA39-7F0C62BC55BF}"
EndProject
Global
	GlobalSection(SolutionConfigurationPlatforms) = preSolution
		Debug|Any CPU = Debug|Any CPU
		Release|Any CPU = Release|Any CPU
	EndGlobalSection
	GlobalSection(ProjectConfigurationPlatforms) = postSolution
		{428634DF-6F04-4997-BA39-7F0C62BC55BF}.Debug|Any CPU.ActiveCfg = Debug|Any CPU
		{428634DF-6F04-4997-BA39-7F0C62BC55BF}.Debug|Any CPU.Build.0 = Debug|Any CPU
		{428634DF-6F04-4997-BA39-7F0C62BC55BF}.Release|Any CPU.ActiveCfg = Release|Any CPU
		{428634DF-6F04-4997-BA39-7F0C62BC55BF}.Release|Any CPU.Build.0 = Release|Any CPU
	EndGlobalSection
	GlobalSection(SolutionProperties) = preSolution
		HideSolutionNode = FALSE
	EndGlobalSection
	GlobalSection(ExtensibilityGlobals) = postSolution
		SolutionGuid = {80468DFC-3816-40FD-A65A-F5ADD14E1316}
	EndGlobalSection
EndGlobal
