
Microsoft Visual Studio Solution File, Format Version 12.00
# Visual Studio Version 17
VisualStudioVersion = 17.11.35222.181
MinimumVisualStudioVersion = 10.0.40219.1
Project("{F184B08F-C81C-45F6-A57F-5ABD9991F28F}") = "decimal_product", "decimal_product\decimal_product.vbproj", "{03746C02-9FA1-4311-91B9-0EABA4CA42ED}"
EndProject
Global
	GlobalSection(SolutionConfigurationPlatforms) = preSolution
		Debug|Any CPU = Debug|Any CPU
		Release|Any CPU = Release|Any CPU
	EndGlobalSection
	GlobalSection(ProjectConfigurationPlatforms) = postSolution
		{03746C02-9FA1-4311-91B9-0EABA4CA42ED}.Debug|Any CPU.ActiveCfg = Debug|Any CPU
		{03746C02-9FA1-4311-91B9-0EABA4CA42ED}.Debug|Any CPU.Build.0 = Debug|Any CPU
		{03746C02-9FA1-4311-91B9-0EABA4CA42ED}.Release|Any CPU.ActiveCfg = Release|Any CPU
		{03746C02-9FA1-4311-91B9-0EABA4CA42ED}.Release|Any CPU.Build.0 = Release|Any CPU
	EndGlobalSection
	GlobalSection(SolutionProperties) = preSolution
		HideSolutionNode = FALSE
	EndGlobalSection
	GlobalSection(ExtensibilityGlobals) = postSolution
		SolutionGuid = {148F9A78-D568-4B49-86F8-F490C518E367}
	EndGlobalSection
EndGlobal
