
Microsoft Visual Studio Solution File, Format Version 12.00
# Visual Studio Version 17
VisualStudioVersion = 17.11.35222.181
MinimumVisualStudioVersion = 10.0.40219.1
Project("{F184B08F-C81C-45F6-A57F-5ABD9991F28F}") = "largest_integer", "largest_integer\largest_integer.vbproj", "{75166A7C-B5B0-407C-B56D-F7068B593B93}"
EndProject
Global
	GlobalSection(SolutionConfigurationPlatforms) = preSolution
		Debug|Any CPU = Debug|Any CPU
		Release|Any CPU = Release|Any CPU
	EndGlobalSection
	GlobalSection(ProjectConfigurationPlatforms) = postSolution
		{75166A7C-B5B0-407C-B56D-F7068B593B93}.Debug|Any CPU.ActiveCfg = Debug|Any CPU
		{75166A7C-B5B0-407C-B56D-F7068B593B93}.Debug|Any CPU.Build.0 = Debug|Any CPU
		{75166A7C-B5B0-407C-B56D-F7068B593B93}.Release|Any CPU.ActiveCfg = Release|Any CPU
		{75166A7C-B5B0-407C-B56D-F7068B593B93}.Release|Any CPU.Build.0 = Release|Any CPU
	EndGlobalSection
	GlobalSection(SolutionProperties) = preSolution
		HideSolutionNode = FALSE
	EndGlobalSection
	GlobalSection(ExtensibilityGlobals) = postSolution
		SolutionGuid = {3B7EFB12-EBCF-4B59-A1AA-81F73B6A66C1}
	EndGlobalSection
EndGlobal
