
Microsoft Visual Studio Solution File, Format Version 12.00
# Visual Studio Version 17
VisualStudioVersion = 17.11.35222.181
MinimumVisualStudioVersion = 10.0.40219.1
Project("{F184B08F-C81C-45F6-A57F-5ABD9991F28F}") = "names", "names\names.vbproj", "{7BDC8D73-7393-45C3-B0F7-B63883D07557}"
EndProject
Global
	GlobalSection(SolutionConfigurationPlatforms) = preSolution
		Debug|Any CPU = Debug|Any CPU
		Release|Any CPU = Release|Any CPU
	EndGlobalSection
	GlobalSection(ProjectConfigurationPlatforms) = postSolution
		{7BDC8D73-7393-45C3-B0F7-B63883D07557}.Debug|Any CPU.ActiveCfg = Debug|Any CPU
		{7BDC8D73-7393-45C3-B0F7-B63883D07557}.Debug|Any CPU.Build.0 = Debug|Any CPU
		{7BDC8D73-7393-45C3-B0F7-B63883D07557}.Release|Any CPU.ActiveCfg = Release|Any CPU
		{7BDC8D73-7393-45C3-B0F7-B63883D07557}.Release|Any CPU.Build.0 = Release|Any CPU
	EndGlobalSection
	GlobalSection(SolutionProperties) = preSolution
		HideSolutionNode = FALSE
	EndGlobalSection
	GlobalSection(ExtensibilityGlobals) = postSolution
		SolutionGuid = {AB415B0E-6623-4D55-9523-029211719644}
	EndGlobalSection
EndGlobal
